{
  "version": 1,
  "dependencies": {
    "net8.0-windows7.0": {
      "System.DirectoryServices.AccountManagement": {
        "type": "Direct",
        "requested": "[7.0.0, )",
        "resolved": "7.0.0",
        "contentHash": "qMpVgR5+XactuWzpqsiif++lnTzfDESbQv4UYFZpgdRvFCFIi4JgufOITCDlu+x2vEmwYOVbwrR1N365dDJRLg==",
        "dependencies": {
          "System.Configuration.ConfigurationManager": "7.0.0",
          "System.DirectoryServices": "7.0.0",
          "System.DirectoryServices.Protocols": "7.0.0"
        }
      },
      "System.Management": {
        "type": "Direct",
        "requested": "[8.0.0, )",
        "resolved": "8.0.0",
        "contentHash": "jrK22i5LRzxZCfGb+tGmke2VH7oE0DvcDlJ1HAKYU8cPmD8XnpUT0bYn2Gy98GEhGjtfbR/sxKTVb+dE770pfA==",
        "dependencies": {
          "System.CodeDom": "8.0.0"
        }
      },
      "Microsoft.Win32.SystemEvents": {
        "type": "Transitive",
        "resolved": "7.0.0",
        "contentHash": "2nXPrhdAyAzir0gLl8Yy8S5Mnm/uBSQQA7jEsILOS1MTyS7DbmV1NgViMtvV1sfCD1ebITpNwb1NIinKeJgUVQ=="
      },
      "System.CodeDom": {
        "type": "Transitive",
        "resolved": "8.0.0",
        "contentHash": "WTlRjL6KWIMr/pAaq3rYqh0TJlzpouaQ/W1eelssHgtlwHAH25jXTkUphTYx9HaIIf7XA6qs/0+YhtLEQRkJ+Q=="
      },
      "System.Configuration.ConfigurationManager": {
        "type": "Transitive",
        "resolved": "7.0.0",
        "contentHash": "WvRUdlL1lB0dTRZSs5XcQOd5q9MYNk90GkbmRmiCvRHThWiojkpGqWdmEDJdXyHbxG/BhE5hmVbMfRLXW9FJVA==",
        "dependencies": {
          "System.Diagnostics.EventLog": "7.0.0",
          "System.Security.Cryptography.ProtectedData": "7.0.0",
          "System.Security.Permissions": "7.0.0"
        }
      },
      "System.Diagnostics.EventLog": {
        "type": "Transitive",
        "resolved": "7.0.0",
        "contentHash": "eUDP47obqQm3SFJfP6z+Fx2nJ4KKTQbXB4Q9Uesnzw9SbYdhjyoGXuvDn/gEmFY6N5Z3bFFbpAQGA7m6hrYJCw=="
      },
      "System.DirectoryServices": {
        "type": "Transitive",
        "resolved": "7.0.0",
        "contentHash": "WZnDWTwH9RuTWJzljUdZuBu8D3f9dSotW5UL+X+aOqXOSwdqPHhymN8mKSvQjUaSq6gq7JvbWooeRjFpjXwM4A==",
        "dependencies": {
          "System.Security.Permissions": "7.0.0"
        }
      },
      "System.DirectoryServices.Protocols": {
        "type": "Transitive",
        "resolved": "7.0.0",
        "contentHash": "QNC4ab+Gc3p3uLixavxxD0h5FOxrs2cT3hez4DSMckBU8lgREjrEB5a8reJypkSVlhFyUQ5YfpMJODdeSCYp2g=="
      },
      "System.Drawing.Common": {
        "type": "Transitive",
        "resolved": "7.0.0",
        "contentHash": "KIX+oBU38pxkKPxvLcLfIkOV5Ien8ReN78wro7OF5/erwcmortzeFx+iBswlh2Vz6gVne0khocQudGwaO1Ey6A==",
        "dependencies": {
          "Microsoft.Win32.SystemEvents": "7.0.0"
        }
      },
      "System.Security.Cryptography.ProtectedData": {
        "type": "Transitive",
        "resolved": "7.0.0",
        "contentHash": "xSPiLNlHT6wAHtugASbKAJwV5GVqQK351crnILAucUioFqqieDN79evO1rku1ckt/GfjIn+b17UaSskoY03JuA=="
      },
      "System.Security.Permissions": {
        "type": "Transitive",
        "resolved": "7.0.0",
        "contentHash": "Vmp0iRmCEno9BWiskOW5pxJ3d9n+jUqKxvX4GhLwFhnQaySZmBN2FuC0N5gjFHgyFMUjC5sfIJ8KZfoJwkcMmA==",
        "dependencies": {
          "System.Windows.Extensions": "7.0.0"
        }
      },
      "System.Windows.Extensions": {
        "type": "Transitive",
        "resolved": "7.0.0",
        "contentHash": "bR4qdCmssMMbo9Fatci49An5B1UaVJZHKNq70PRgzoLYIlitb8Tj7ns/Xt5Pz1CkERiTjcVBDU2y1AVrPBYkaw==",
        "dependencies": {
          "System.Drawing.Common": "7.0.0"
        }
      }
    }
  }
}